{
  "name": "dots",
  "version": "1.0.0",
  "lockfileVersion": 1,
  "requires": true,
  "dependencies": {
    "@rxrc/curator": {
      "version": "1.0.0",
      "resolved": "https://registry.npmjs.org/@rxrc/curator/-/curator-1.0.0.tgz",
      "integrity": "sha512-mpk01ZZPWjwb1iOaZ+Ob8aQlSVyoB2qyRuIdUNWrvNPNogDq0Op6+EaoqQztCDjjx//5Jxfy1BlkF/OLXWjMIg==",
      "dev": true
    }
  }
}
